
Microsoft Visual Studio Solution File, Format Version 12.00
# Visual Studio Version 16
VisualStudioVersion = 16.0.30225.117
MinimumVisualStudioVersion = 10.0.40219.1
Project("{9A19103F-16F7-4668-BE54-9A1E7A4F7556}") = "01.SumSeconds", "01.SumSeconds\01.SumSeconds.csproj", "{009F0360-464D-4225-A113-438FA6C98575}"
EndProject
Project("{9A19103F-16F7-4668-BE54-9A1E7A4F7556}") = "02.BonusScore", "02.BonusScore\02.BonusScore.csproj", "{A46F82D7-C67C-4A4C-A12A-85086ED8BCFA}"
EndProject
Project("{9A19103F-16F7-4668-BE54-9A1E7A4F7556}") = "03.SpeedInfo", "03.SpeedInfo\03.SpeedInfo.csproj", "{31A56821-862B-4133-A0DE-2B782EBBB3DF}"
EndProject
Project("{9A19103F-16F7-4668-BE54-9A1E7A4F7556}") = "Practice", "Practice\Practice.csproj", "{A03DE8E0-7F9D-4A06-995F-71A245476E0A}"
EndProject
Project("{9A19103F-16F7-4668-BE54-9A1E7A4F7556}") = "04.MetricConverter", "04.MetricConverter\04.MetricConverter.csproj", "{2F7473A0-0455-40F7-9F76-5240AF9A32A0}"
EndProject
Project("{9A19103F-16F7-4668-BE54-9A1E7A4F7556}") = "05.Time+15Minutes", "05.Time +15Minutes\05.Time+15Minutes.csproj", "{9FC4BFC7-0B66-44AD-A7A3-D3890615DBFB}"
EndProject
Project("{9A19103F-16F7-4668-BE54-9A1E7A4F7556}") = "06.GodzillaVsKong", "06.GodzillaVsKong\06.GodzillaVsKong.csproj", "{A77D25C6-9BCA-4021-B0FF-B433A5C19887}"
EndProject
Project("{9A19103F-16F7-4668-BE54-9A1E7A4F7556}") = "07.WorldSwimmingRecord", "07.WorldSwimmingRecord\07.WorldSwimmingRecord.csproj", "{E9FC43B4-9E4B-49C0-99C1-BE337FF68E96}"
EndProject
Project("{9A19103F-16F7-4668-BE54-9A1E7A4F7556}") = "08.Scholarship-incorrect", "08.Scholarship\08.Scholarship-incorrect.csproj", "{96694DAA-4144-4ABC-B62C-492A44631182}"
EndProject
Project("{9A19103F-16F7-4668-BE54-9A1E7A4F7556}") = "08.Scholarship-correct", "Scholarship2\08.Scholarship-correct.csproj", "{17AD1D98-281F-4934-8556-5B9AB1D8046A}"
EndProject
Project("{FAE04EC0-301F-11D3-BF4B-00C04F79EFBC}") = "08.Scholarship", "Scholarship\08.Scholarship.csproj", "{718239E3-8833-46CB-9D1C-E5CFC68BBA0E}"
EndProject
Global
	GlobalSection(SolutionConfigurationPlatforms) = preSolution
		Debug|Any CPU = Debug|Any CPU
		Release|Any CPU = Release|Any CPU
	EndGlobalSection
	GlobalSection(ProjectConfigurationPlatforms) = postSolution
		{009F0360-464D-4225-A113-438FA6C98575}.Debug|Any CPU.ActiveCfg = Debug|Any CPU
		{009F0360-464D-4225-A113-438FA6C98575}.Debug|Any CPU.Build.0 = Debug|Any CPU
		{009F0360-464D-4225-A113-438FA6C98575}.Release|Any CPU.ActiveCfg = Release|Any CPU
		{009F0360-464D-4225-A113-438FA6C98575}.Release|Any CPU.Build.0 = Release|Any CPU
		{A46F82D7-C67C-4A4C-A12A-85086ED8BCFA}.Debug|Any CPU.ActiveCfg = Debug|Any CPU
		{A46F82D7-C67C-4A4C-A12A-85086ED8BCFA}.Debug|Any CPU.Build.0 = Debug|Any CPU
		{A46F82D7-C67C-4A4C-A12A-85086ED8BCFA}.Release|Any CPU.ActiveCfg = Release|Any CPU
		{A46F82D7-C67C-4A4C-A12A-85086ED8BCFA}.Release|Any CPU.Build.0 = Release|Any CPU
		{31A56821-862B-4133-A0DE-2B782EBBB3DF}.Debug|Any CPU.ActiveCfg = Debug|Any CPU
		{31A56821-862B-4133-A0DE-2B782EBBB3DF}.Debug|Any CPU.Build.0 = Debug|Any CPU
		{31A56821-862B-4133-A0DE-2B782EBBB3DF}.Release|Any CPU.ActiveCfg = Release|Any CPU
		{31A56821-862B-4133-A0DE-2B782EBBB3DF}.Release|Any CPU.Build.0 = Release|Any CPU
		{A03DE8E0-7F9D-4A06-995F-71A245476E0A}.Debug|Any CPU.ActiveCfg = Debug|Any CPU
		{A03DE8E0-7F9D-4A06-995F-71A245476E0A}.Debug|Any CPU.Build.0 = Debug|Any CPU
		{A03DE8E0-7F9D-4A06-995F-71A245476E0A}.Release|Any CPU.ActiveCfg = Release|Any CPU
		{A03DE8E0-7F9D-4A06-995F-71A245476E0A}.Release|Any CPU.Build.0 = Release|Any CPU
		{2F7473A0-0455-40F7-9F76-5240AF9A32A0}.Debug|Any CPU.ActiveCfg = Debug|Any CPU
		{2F7473A0-0455-40F7-9F76-5240AF9A32A0}.Debug|Any CPU.Build.0 = Debug|Any CPU
		{2F7473A0-0455-40F7-9F76-5240AF9A32A0}.Release|Any CPU.ActiveCfg = Release|Any CPU
		{2F7473A0-0455-40F7-9F76-5240AF9A32A0}.Release|Any CPU.Build.0 = Release|Any CPU
		{9FC4BFC7-0B66-44AD-A7A3-D3890615DBFB}.Debug|Any CPU.ActiveCfg = Debug|Any CPU
		{9FC4BFC7-0B66-44AD-A7A3-D3890615DBFB}.Debug|Any CPU.Build.0 = Debug|Any CPU
		{9FC4BFC7-0B66-44AD-A7A3-D3890615DBFB}.Release|Any CPU.ActiveCfg = Release|Any CPU
		{9FC4BFC7-0B66-44AD-A7A3-D3890615DBFB}.Release|Any CPU.Build.0 = Release|Any CPU
		{A77D25C6-9BCA-4021-B0FF-B433A5C19887}.Debug|Any CPU.ActiveCfg = Debug|Any CPU
		{A77D25C6-9BCA-4021-B0FF-B433A5C19887}.Debug|Any CPU.Build.0 = Debug|Any CPU
		{A77D25C6-9BCA-4021-B0FF-B433A5C19887}.Release|Any CPU.ActiveCfg = Release|Any CPU
		{A77D25C6-9BCA-4021-B0FF-B433A5C19887}.Release|Any CPU.Build.0 = Release|Any CPU
		{E9FC43B4-9E4B-49C0-99C1-BE337FF68E96}.Debug|Any CPU.ActiveCfg = Debug|Any CPU
		{E9FC43B4-9E4B-49C0-99C1-BE337FF68E96}.Debug|Any CPU.Build.0 = Debug|Any CPU
		{E9FC43B4-9E4B-49C0-99C1-BE337FF68E96}.Release|Any CPU.ActiveCfg = Release|Any CPU
		{E9FC43B4-9E4B-49C0-99C1-BE337FF68E96}.Release|Any CPU.Build.0 = Release|Any CPU
		{96694DAA-4144-4ABC-B62C-492A44631182}.Debug|Any CPU.ActiveCfg = Debug|Any CPU
		{96694DAA-4144-4ABC-B62C-492A44631182}.Debug|Any CPU.Build.0 = Debug|Any CPU
		{96694DAA-4144-4ABC-B62C-492A44631182}.Release|Any CPU.ActiveCfg = Release|Any CPU
		{96694DAA-4144-4ABC-B62C-492A44631182}.Release|Any CPU.Build.0 = Release|Any CPU
		{17AD1D98-281F-4934-8556-5B9AB1D8046A}.Debug|Any CPU.ActiveCfg = Debug|Any CPU
		{17AD1D98-281F-4934-8556-5B9AB1D8046A}.Debug|Any CPU.Build.0 = Debug|Any CPU
		{17AD1D98-281F-4934-8556-5B9AB1D8046A}.Release|Any CPU.ActiveCfg = Release|Any CPU
		{17AD1D98-281F-4934-8556-5B9AB1D8046A}.Release|Any CPU.Build.0 = Release|Any CPU
		{718239E3-8833-46CB-9D1C-E5CFC68BBA0E}.Debug|Any CPU.ActiveCfg = Debug|Any CPU
		{718239E3-8833-46CB-9D1C-E5CFC68BBA0E}.Debug|Any CPU.Build.0 = Debug|Any CPU
		{718239E3-8833-46CB-9D1C-E5CFC68BBA0E}.Release|Any CPU.ActiveCfg = Release|Any CPU
		{718239E3-8833-46CB-9D1C-E5CFC68BBA0E}.Release|Any CPU.Build.0 = Release|Any CPU
	EndGlobalSection
	GlobalSection(SolutionProperties) = preSolution
		HideSolutionNode = FALSE
	EndGlobalSection
	GlobalSection(ExtensibilityGlobals) = postSolution
		SolutionGuid = {10AC9225-443A-4061-A2CD-81B6956A183E}
	EndGlobalSection
EndGlobal
