
Microsoft Visual Studio Solution File, Format Version 12.00
# Visual Studio Version 16
VisualStudioVersion = 16.0.30225.117
MinimumVisualStudioVersion = 10.0.40219.1
Project("{9A19103F-16F7-4668-BE54-9A1E7A4F7556}") = "01.MoneyConverter", "USDtoBGN\01.MoneyConverter.csproj", "{E78CED57-CE98-41A1-8A9F-13C275AAC6E2}"
EndProject
Project("{9A19103F-16F7-4668-BE54-9A1E7A4F7556}") = "02.RadiansToDegrees", "RadToDeg\02.RadiansToDegrees.csproj", "{40182148-4141-4554-B32C-BAE4FBE9DF94}"
EndProject
Project("{9A19103F-16F7-4668-BE54-9A1E7A4F7556}") = "03.DepositCalculator", "DepositCalculator\03.DepositCalculator.csproj", "{B5509183-2566-4ABB-9228-B0D033633CA2}"
EndProject
Project("{FAE04EC0-301F-11D3-BF4B-00C04F79EFBC}") = "Practice", "Practice\Practice.csproj", "{FA7C12F2-8F6C-430A-A5D9-40C91DC5AE78}"
EndProject
Project("{FAE04EC0-301F-11D3-BF4B-00C04F79EFBC}") = "04.VacationBooksList", "04.VacationBooksList\04.VacationBooksList.csproj", "{665A1CA8-3386-4328-8E34-133AA12871E9}"
EndProject
Project("{FAE04EC0-301F-11D3-BF4B-00C04F79EFBC}") = "05.BirthdayParty", "05.BirthdayParty\05.BirthdayParty.csproj", "{C33FA164-6165-4578-84CA-B6B5861331C2}"
EndProject
Project("{FAE04EC0-301F-11D3-BF4B-00C04F79EFBC}") = "06.CharityCampaign", "06.CharityCampaign\06.CharityCampaign.csproj", "{622F38F3-C42D-4BA4-85A8-EF6832EB9370}"
EndProject
Project("{FAE04EC0-301F-11D3-BF4B-00C04F79EFBC}") = "07.FruitMarket", "07.FruitMarket\07.FruitMarket.csproj", "{C111106A-B89E-4566-855A-D7E0AC43D226}"
EndProject
Project("{FAE04EC0-301F-11D3-BF4B-00C04F79EFBC}") = "08.FishTank", "08.FishTank\08.FishTank.csproj", "{96A74251-7D9B-4154-95CA-94EF8FBA9779}"
EndProject
Global
	GlobalSection(SolutionConfigurationPlatforms) = preSolution
		Debug|Any CPU = Debug|Any CPU
		Release|Any CPU = Release|Any CPU
	EndGlobalSection
	GlobalSection(ProjectConfigurationPlatforms) = postSolution
		{E78CED57-CE98-41A1-8A9F-13C275AAC6E2}.Debug|Any CPU.ActiveCfg = Debug|Any CPU
		{E78CED57-CE98-41A1-8A9F-13C275AAC6E2}.Debug|Any CPU.Build.0 = Debug|Any CPU
		{E78CED57-CE98-41A1-8A9F-13C275AAC6E2}.Release|Any CPU.ActiveCfg = Release|Any CPU
		{E78CED57-CE98-41A1-8A9F-13C275AAC6E2}.Release|Any CPU.Build.0 = Release|Any CPU
		{40182148-4141-4554-B32C-BAE4FBE9DF94}.Debug|Any CPU.ActiveCfg = Debug|Any CPU
		{40182148-4141-4554-B32C-BAE4FBE9DF94}.Debug|Any CPU.Build.0 = Debug|Any CPU
		{40182148-4141-4554-B32C-BAE4FBE9DF94}.Release|Any CPU.ActiveCfg = Release|Any CPU
		{40182148-4141-4554-B32C-BAE4FBE9DF94}.Release|Any CPU.Build.0 = Release|Any CPU
		{B5509183-2566-4ABB-9228-B0D033633CA2}.Debug|Any CPU.ActiveCfg = Debug|Any CPU
		{B5509183-2566-4ABB-9228-B0D033633CA2}.Debug|Any CPU.Build.0 = Debug|Any CPU
		{B5509183-2566-4ABB-9228-B0D033633CA2}.Release|Any CPU.ActiveCfg = Release|Any CPU
		{B5509183-2566-4ABB-9228-B0D033633CA2}.Release|Any CPU.Build.0 = Release|Any CPU
		{FA7C12F2-8F6C-430A-A5D9-40C91DC5AE78}.Debug|Any CPU.ActiveCfg = Debug|Any CPU
		{FA7C12F2-8F6C-430A-A5D9-40C91DC5AE78}.Debug|Any CPU.Build.0 = Debug|Any CPU
		{FA7C12F2-8F6C-430A-A5D9-40C91DC5AE78}.Release|Any CPU.ActiveCfg = Release|Any CPU
		{FA7C12F2-8F6C-430A-A5D9-40C91DC5AE78}.Release|Any CPU.Build.0 = Release|Any CPU
		{665A1CA8-3386-4328-8E34-133AA12871E9}.Debug|Any CPU.ActiveCfg = Debug|Any CPU
		{665A1CA8-3386-4328-8E34-133AA12871E9}.Debug|Any CPU.Build.0 = Debug|Any CPU
		{665A1CA8-3386-4328-8E34-133AA12871E9}.Release|Any CPU.ActiveCfg = Release|Any CPU
		{665A1CA8-3386-4328-8E34-133AA12871E9}.Release|Any CPU.Build.0 = Release|Any CPU
		{C33FA164-6165-4578-84CA-B6B5861331C2}.Debug|Any CPU.ActiveCfg = Debug|Any CPU
		{C33FA164-6165-4578-84CA-B6B5861331C2}.Debug|Any CPU.Build.0 = Debug|Any CPU
		{C33FA164-6165-4578-84CA-B6B5861331C2}.Release|Any CPU.ActiveCfg = Release|Any CPU
		{C33FA164-6165-4578-84CA-B6B5861331C2}.Release|Any CPU.Build.0 = Release|Any CPU
		{622F38F3-C42D-4BA4-85A8-EF6832EB9370}.Debug|Any CPU.ActiveCfg = Debug|Any CPU
		{622F38F3-C42D-4BA4-85A8-EF6832EB9370}.Debug|Any CPU.Build.0 = Debug|Any CPU
		{622F38F3-C42D-4BA4-85A8-EF6832EB9370}.Release|Any CPU.ActiveCfg = Release|Any CPU
		{622F38F3-C42D-4BA4-85A8-EF6832EB9370}.Release|Any CPU.Build.0 = Release|Any CPU
		{C111106A-B89E-4566-855A-D7E0AC43D226}.Debug|Any CPU.ActiveCfg = Debug|Any CPU
		{C111106A-B89E-4566-855A-D7E0AC43D226}.Debug|Any CPU.Build.0 = Debug|Any CPU
		{C111106A-B89E-4566-855A-D7E0AC43D226}.Release|Any CPU.ActiveCfg = Release|Any CPU
		{C111106A-B89E-4566-855A-D7E0AC43D226}.Release|Any CPU.Build.0 = Release|Any CPU
		{96A74251-7D9B-4154-95CA-94EF8FBA9779}.Debug|Any CPU.ActiveCfg = Debug|Any CPU
		{96A74251-7D9B-4154-95CA-94EF8FBA9779}.Debug|Any CPU.Build.0 = Debug|Any CPU
		{96A74251-7D9B-4154-95CA-94EF8FBA9779}.Release|Any CPU.ActiveCfg = Release|Any CPU
		{96A74251-7D9B-4154-95CA-94EF8FBA9779}.Release|Any CPU.Build.0 = Release|Any CPU
	EndGlobalSection
	GlobalSection(SolutionProperties) = preSolution
		HideSolutionNode = FALSE
	EndGlobalSection
	GlobalSection(ExtensibilityGlobals) = postSolution
		SolutionGuid = {54715C4F-611C-45A4-87DC-52900A4D0F49}
	EndGlobalSection
EndGlobal
